
Microsoft Visual Studio Solution File, Format Version 12.00
# Visual Studio Version 17
VisualStudioVersion = 17.0.31903.59
MinimumVisualStudioVersion = 10.0.40219.1
Project("{2150E333-8FDC-42A3-9474-1A3956D46DE8}") = "src", "src", "{827E0CD3-B72D-47B6-A68D-7590B98EB39B}"
EndProject
Project("{FAE04EC0-301F-11D3-BF4B-00C04F79EFBC}") = "Voltflow.Api", "src\Voltflow.Api\Voltflow.Api.csproj", "{89BD1A8A-EB97-48FC-B039-B90860C82A7A}"
EndProject
Project("{FAE04EC0-301F-11D3-BF4B-00C04F79EFBC}") = "Voltflow.Application", "src\Voltflow.Application\Voltflow.Application.csproj", "{AE2E77BF-67B0-429A-87C6-B38FD21F10DA}"
EndProject
Project("{FAE04EC0-301F-11D3-BF4B-00C04F79EFBC}") = "Voltflow.Domain", "src\Voltflow.Domain\Voltflow.Domain.csproj", "{29DAAB0C-C818-4D6C-8FB6-90BA48DA4CB2}"
EndProject
Project("{FAE04EC0-301F-11D3-BF4B-00C04F79EFBC}") = "Voltflow.Shared", "src\Voltflow.Shared\Voltflow.Shared.csproj", "{F2825D22-ECEA-41EC-AA46-C212C5CF877E}"
EndProject
Project("{FAE04EC0-301F-11D3-BF4B-00C04F79EFBC}") = "Voltflow.Infrastructure", "src\Voltflow.Infrastructure\Voltflow.Infrastructure.csproj", "{74F34A51-2104-4D7C-8498-FD720F60B712}"
EndProject
Project("{FAE04EC0-301F-11D3-BF4B-00C04F79EFBC}") = "Voltflow.Worker", "src\Voltflow.Worker\Voltflow.Worker.csproj", "{5A783CEC-546F-4BE1-923D-A7A2F3AFE112}"
EndProject
Project("{2150E333-8FDC-42A3-9474-1A3956D46DE8}") = "tests", "tests", "{0AB3BF05-4346-4AA6-1389-037BE0695223}"
EndProject
Project("{FAE04EC0-301F-11D3-BF4B-00C04F79EFBC}") = "Voltflow.Tests", "tests\backend\Voltflow.Tests.csproj", "{8599EBED-65D5-4F81-BE64-73C0D90A21BF}"
EndProject
Global
	GlobalSection(SolutionConfigurationPlatforms) = preSolution
		Debug|Any CPU = Debug|Any CPU
		Debug|x64 = Debug|x64
		Debug|x86 = Debug|x86
		Release|Any CPU = Release|Any CPU
		Release|x64 = Release|x64
		Release|x86 = Release|x86
	EndGlobalSection
	GlobalSection(ProjectConfigurationPlatforms) = postSolution
		{89BD1A8A-EB97-48FC-B039-B90860C82A7A}.Debug|Any CPU.ActiveCfg = Debug|Any CPU
		{89BD1A8A-EB97-48FC-B039-B90860C82A7A}.Debug|Any CPU.Build.0 = Debug|Any CPU
		{89BD1A8A-EB97-48FC-B039-B90860C82A7A}.Debug|x64.ActiveCfg = Debug|Any CPU
		{89BD1A8A-EB97-48FC-B039-B90860C82A7A}.Debug|x64.Build.0 = Debug|Any CPU
		{89BD1A8A-EB97-48FC-B039-B90860C82A7A}.Debug|x86.ActiveCfg = Debug|Any CPU
		{89BD1A8A-EB97-48FC-B039-B90860C82A7A}.Debug|x86.Build.0 = Debug|Any CPU
		{89BD1A8A-EB97-48FC-B039-B90860C82A7A}.Release|Any CPU.ActiveCfg = Release|Any CPU
		{89BD1A8A-EB97-48FC-B039-B90860C82A7A}.Release|Any CPU.Build.0 = Release|Any CPU
		{89BD1A8A-EB97-48FC-B039-B90860C82A7A}.Release|x64.ActiveCfg = Release|Any CPU
		{89BD1A8A-EB97-48FC-B039-B90860C82A7A}.Release|x64.Build.0 = Release|Any CPU
		{89BD1A8A-EB97-48FC-B039-B90860C82A7A}.Release|x86.ActiveCfg = Release|Any CPU
		{89BD1A8A-EB97-48FC-B039-B90860C82A7A}.Release|x86.Build.0 = Release|Any CPU
		{AE2E77BF-67B0-429A-87C6-B38FD21F10DA}.Debug|Any CPU.ActiveCfg = Debug|Any CPU
		{AE2E77BF-67B0-429A-87C6-B38FD21F10DA}.Debug|Any CPU.Build.0 = Debug|Any CPU
		{AE2E77BF-67B0-429A-87C6-B38FD21F10DA}.Debug|x64.ActiveCfg = Debug|Any CPU
		{AE2E77BF-67B0-429A-87C6-B38FD21F10DA}.Debug|x64.Build.0 = Debug|Any CPU
		{AE2E77BF-67B0-429A-87C6-B38FD21F10DA}.Debug|x86.ActiveCfg = Debug|Any CPU
		{AE2E77BF-67B0-429A-87C6-B38FD21F10DA}.Debug|x86.Build.0 = Debug|Any CPU
		{AE2E77BF-67B0-429A-87C6-B38FD21F10DA}.Release|Any CPU.ActiveCfg = Release|Any CPU
		{AE2E77BF-67B0-429A-87C6-B38FD21F10DA}.Release|Any CPU.Build.0 = Release|Any CPU
		{AE2E77BF-67B0-429A-87C6-B38FD21F10DA}.Release|x64.ActiveCfg = Release|Any CPU
		{AE2E77BF-67B0-429A-87C6-B38FD21F10DA}.Release|x64.Build.0 = Release|Any CPU
		{AE2E77BF-67B0-429A-87C6-B38FD21F10DA}.Release|x86.ActiveCfg = Release|Any CPU
		{AE2E77BF-67B0-429A-87C6-B38FD21F10DA}.Release|x86.Build.0 = Release|Any CPU
		{29DAAB0C-C818-4D6C-8FB6-90BA48DA4CB2}.Debug|Any CPU.ActiveCfg = Debug|Any CPU
		{29DAAB0C-C818-4D6C-8FB6-90BA48DA4CB2}.Debug|Any CPU.Build.0 = Debug|Any CPU
		{29DAAB0C-C818-4D6C-8FB6-90BA48DA4CB2}.Debug|x64.ActiveCfg = Debug|Any CPU
		{29DAAB0C-C818-4D6C-8FB6-90BA48DA4CB2}.Debug|x64.Build.0 = Debug|Any CPU
		{29DAAB0C-C818-4D6C-8FB6-90BA48DA4CB2}.Debug|x86.ActiveCfg = Debug|Any CPU
		{29DAAB0C-C818-4D6C-8FB6-90BA48DA4CB2}.Debug|x86.Build.0 = Debug|Any CPU
		{29DAAB0C-C818-4D6C-8FB6-90BA48DA4CB2}.Release|Any CPU.ActiveCfg = Release|Any CPU
		{29DAAB0C-C818-4D6C-8FB6-90BA48DA4CB2}.Release|Any CPU.Build.0 = Release|Any CPU
		{29DAAB0C-C818-4D6C-8FB6-90BA48DA4CB2}.Release|x64.ActiveCfg = Release|Any CPU
		{29DAAB0C-C818-4D6C-8FB6-90BA48DA4CB2}.Release|x64.Build.0 = Release|Any CPU
		{29DAAB0C-C818-4D6C-8FB6-90BA48DA4CB2}.Release|x86.ActiveCfg = Release|Any CPU
		{29DAAB0C-C818-4D6C-8FB6-90BA48DA4CB2}.Release|x86.Build.0 = Release|Any CPU
		{F2825D22-ECEA-41EC-AA46-C212C5CF877E}.Debug|Any CPU.ActiveCfg = Debug|Any CPU
		{F2825D22-ECEA-41EC-AA46-C212C5CF877E}.Debug|Any CPU.Build.0 = Debug|Any CPU
		{F2825D22-ECEA-41EC-AA46-C212C5CF877E}.Debug|x64.ActiveCfg = Debug|Any CPU
		{F2825D22-ECEA-41EC-AA46-C212C5CF877E}.Debug|x64.Build.0 = Debug|Any CPU
		{F2825D22-ECEA-41EC-AA46-C212C5CF877E}.Debug|x86.ActiveCfg = Debug|Any CPU
		{F2825D22-ECEA-41EC-AA46-C212C5CF877E}.Debug|x86.Build.0 = Debug|Any CPU
		{F2825D22-ECEA-41EC-AA46-C212C5CF877E}.Release|Any CPU.ActiveCfg = Release|Any CPU
		{F2825D22-ECEA-41EC-AA46-C212C5CF877E}.Release|Any CPU.Build.0 = Release|Any CPU
		{F2825D22-ECEA-41EC-AA46-C212C5CF877E}.Release|x64.ActiveCfg = Release|Any CPU
		{F2825D22-ECEA-41EC-AA46-C212C5CF877E}.Release|x64.Build.0 = Release|Any CPU
		{F2825D22-ECEA-41EC-AA46-C212C5CF877E}.Release|x86.ActiveCfg = Release|Any CPU
		{F2825D22-ECEA-41EC-AA46-C212C5CF877E}.Release|x86.Build.0 = Release|Any CPU
		{74F34A51-2104-4D7C-8498-FD720F60B712}.Debug|Any CPU.ActiveCfg = Debug|Any CPU
		{74F34A51-2104-4D7C-8498-FD720F60B712}.Debug|Any CPU.Build.0 = Debug|Any CPU
		{74F34A51-2104-4D7C-8498-FD720F60B712}.Debug|x64.ActiveCfg = Debug|Any CPU
		{74F34A51-2104-4D7C-8498-FD720F60B712}.Debug|x64.Build.0 = Debug|Any CPU
		{74F34A51-2104-4D7C-8498-FD720F60B712}.Debug|x86.ActiveCfg = Debug|Any CPU
		{74F34A51-2104-4D7C-8498-FD720F60B712}.Debug|x86.Build.0 = Debug|Any CPU
		{74F34A51-2104-4D7C-8498-FD720F60B712}.Release|Any CPU.ActiveCfg = Release|Any CPU
		{74F34A51-2104-4D7C-8498-FD720F60B712}.Release|Any CPU.Build.0 = Release|Any CPU
		{74F34A51-2104-4D7C-8498-FD720F60B712}.Release|x64.ActiveCfg = Release|Any CPU
		{74F34A51-2104-4D7C-8498-FD720F60B712}.Release|x64.Build.0 = Release|Any CPU
		{74F34A51-2104-4D7C-8498-FD720F60B712}.Release|x86.ActiveCfg = Release|Any CPU
		{74F34A51-2104-4D7C-8498-FD720F60B712}.Release|x86.Build.0 = Release|Any CPU
		{5A783CEC-546F-4BE1-923D-A7A2F3AFE112}.Debug|Any CPU.ActiveCfg = Debug|Any CPU
		{5A783CEC-546F-4BE1-923D-A7A2F3AFE112}.Debug|Any CPU.Build.0 = Debug|Any CPU
		{5A783CEC-546F-4BE1-923D-A7A2F3AFE112}.Debug|x64.ActiveCfg = Debug|Any CPU
		{5A783CEC-546F-4BE1-923D-A7A2F3AFE112}.Debug|x64.Build.0 = Debug|Any CPU
		{5A783CEC-546F-4BE1-923D-A7A2F3AFE112}.Debug|x86.ActiveCfg = Debug|Any CPU
		{5A783CEC-546F-4BE1-923D-A7A2F3AFE112}.Debug|x86.Build.0 = Debug|Any CPU
		{5A783CEC-546F-4BE1-923D-A7A2F3AFE112}.Release|Any CPU.ActiveCfg = Release|Any CPU
		{5A783CEC-546F-4BE1-923D-A7A2F3AFE112}.Release|Any CPU.Build.0 = Release|Any CPU
		{5A783CEC-546F-4BE1-923D-A7A2F3AFE112}.Release|x64.ActiveCfg = Release|Any CPU
		{5A783CEC-546F-4BE1-923D-A7A2F3AFE112}.Release|x64.Build.0 = Release|Any CPU
		{5A783CEC-546F-4BE1-923D-A7A2F3AFE112}.Release|x86.ActiveCfg = Release|Any CPU
		{5A783CEC-546F-4BE1-923D-A7A2F3AFE112}.Release|x86.Build.0 = Release|Any CPU
		{8599EBED-65D5-4F81-BE64-73C0D90A21BF}.Debug|Any CPU.ActiveCfg = Debug|Any CPU
		{8599EBED-65D5-4F81-BE64-73C0D90A21BF}.Debug|Any CPU.Build.0 = Debug|Any CPU
		{8599EBED-65D5-4F81-BE64-73C0D90A21BF}.Debug|x64.ActiveCfg = Debug|Any CPU
		{8599EBED-65D5-4F81-BE64-73C0D90A21BF}.Debug|x64.Build.0 = Debug|Any CPU
		{8599EBED-65D5-4F81-BE64-73C0D90A21BF}.Debug|x86.ActiveCfg = Debug|Any CPU
		{8599EBED-65D5-4F81-BE64-73C0D90A21BF}.Debug|x86.Build.0 = Debug|Any CPU
		{8599EBED-65D5-4F81-BE64-73C0D90A21BF}.Release|Any CPU.ActiveCfg = Release|Any CPU
		{8599EBED-65D5-4F81-BE64-73C0D90A21BF}.Release|Any CPU.Build.0 = Release|Any CPU
		{8599EBED-65D5-4F81-BE64-73C0D90A21BF}.Release|x64.ActiveCfg = Release|Any CPU
		{8599EBED-65D5-4F81-BE64-73C0D90A21BF}.Release|x64.Build.0 = Release|Any CPU
		{8599EBED-65D5-4F81-BE64-73C0D90A21BF}.Release|x86.ActiveCfg = Release|Any CPU
		{8599EBED-65D5-4F81-BE64-73C0D90A21BF}.Release|x86.Build.0 = Release|Any CPU
	EndGlobalSection
	GlobalSection(SolutionProperties) = preSolution
		HideSolutionNode = FALSE
	EndGlobalSection
	GlobalSection(NestedProjects) = preSolution
		{89BD1A8A-EB97-48FC-B039-B90860C82A7A} = {827E0CD3-B72D-47B6-A68D-7590B98EB39B}
		{AE2E77BF-67B0-429A-87C6-B38FD21F10DA} = {827E0CD3-B72D-47B6-A68D-7590B98EB39B}
		{29DAAB0C-C818-4D6C-8FB6-90BA48DA4CB2} = {827E0CD3-B72D-47B6-A68D-7590B98EB39B}
		{F2825D22-ECEA-41EC-AA46-C212C5CF877E} = {827E0CD3-B72D-47B6-A68D-7590B98EB39B}
		{74F34A51-2104-4D7C-8498-FD720F60B712} = {827E0CD3-B72D-47B6-A68D-7590B98EB39B}
		{5A783CEC-546F-4BE1-923D-A7A2F3AFE112} = {827E0CD3-B72D-47B6-A68D-7590B98EB39B}
		{8599EBED-65D5-4F81-BE64-73C0D90A21BF} = {0AB3BF05-4346-4AA6-1389-037BE0695223}
	EndGlobalSection
EndGlobal
